
Microsoft Visual Studio Solution File, Format Version 12.00
# Visual Studio Version 17
VisualStudioVersion = 17.14.36623.8 d17.14
MinimumVisualStudioVersion = 10.0.40219.1
Project("{FAE04EC0-301F-11D3-BF4B-00C04F79EFBC}") = "absClassPayment", "absClassPayment\absClassPayment.csproj", "{C53094CF-8025-46A5-9288-E1CB569A5CE0}"
EndProject
Global
	GlobalSection(SolutionConfigurationPlatforms) = preSolution
		Debug|Any CPU = Debug|Any CPU
		Release|Any CPU = Release|Any CPU
	EndGlobalSection
	GlobalSection(ProjectConfigurationPlatforms) = postSolution
		{C53094CF-8025-46A5-9288-E1CB569A5CE0}.Debug|Any CPU.ActiveCfg = Debug|Any CPU
		{C53094CF-8025-46A5-9288-E1CB569A5CE0}.Debug|Any CPU.Build.0 = Debug|Any CPU
		{C53094CF-8025-46A5-9288-E1CB569A5CE0}.Release|Any CPU.ActiveCfg = Release|Any CPU
		{C53094CF-8025-46A5-9288-E1CB569A5CE0}.Release|Any CPU.Build.0 = Release|Any CPU
	EndGlobalSection
	GlobalSection(SolutionProperties) = preSolution
		HideSolutionNode = FALSE
	EndGlobalSection
	GlobalSection(ExtensibilityGlobals) = postSolution
		SolutionGuid = {62F896A7-B9CF-49E6-B25A-24EDE338EC2C}
	EndGlobalSection
EndGlobal
